
Microsoft Visual Studio Solution File, Format Version 12.00
# Visual Studio Version 17
VisualStudioVersion = 17.11.35312.102
MinimumVisualStudioVersion = 10.0.40219.1
Project("{FAE04EC0-301F-11D3-BF4B-00C04F79EFBC}") = "ProgramacionAvanzada.Web", "ProgramacionAvanzada.Web\ProgramacionAvanzada.Web.csproj", "{69613230-2B57-49AB-99F9-D12477C082F5}"
EndProject
Global
	GlobalSection(SolutionConfigurationPlatforms) = preSolution
		Debug|Any CPU = Debug|Any CPU
		Release|Any CPU = Release|Any CPU
	EndGlobalSection
	GlobalSection(ProjectConfigurationPlatforms) = postSolution
		{69613230-2B57-49AB-99F9-D12477C082F5}.Debug|Any CPU.ActiveCfg = Debug|Any CPU
		{69613230-2B57-49AB-99F9-D12477C082F5}.Debug|Any CPU.Build.0 = Debug|Any CPU
		{69613230-2B57-49AB-99F9-D12477C082F5}.Release|Any CPU.ActiveCfg = Release|Any CPU
		{69613230-2B57-49AB-99F9-D12477C082F5}.Release|Any CPU.Build.0 = Release|Any CPU
	EndGlobalSection
	GlobalSection(SolutionProperties) = preSolution
		HideSolutionNode = FALSE
	EndGlobalSection
	GlobalSection(ExtensibilityGlobals) = postSolution
		SolutionGuid = {53B7BB15-F830-47CD-9410-A25B25412259}
	EndGlobalSection
EndGlobal
